Microsoft Visual Studio Solution File, Format Version 12.00
# Visual Studio Version 17
VisualStudioVersion = 17.5.2.0
MinimumVisualStudioVersion = 10.0.40219.1
Project("{FAE04EC0-301F-11D3-BF4B-00C04F79EFBC}") = "ControleGR.API", "ControleGR.API.csproj", "{C12D5EDD-3D3D-8101-CA6B-022A3295E60B}"
EndProject
Global
	GlobalSection(SolutionConfigurationPlatforms) = preSolution
		Debug|Any CPU = Debug|Any CPU
		Release|Any CPU = Release|Any CPU
	EndGlobalSection
	GlobalSection(ProjectConfigurationPlatforms) = postSolution
		{C12D5EDD-3D3D-8101-CA6B-022A3295E60B}.Debug|Any CPU.ActiveCfg = Debug|Any CPU
		{C12D5EDD-3D3D-8101-CA6B-022A3295E60B}.Debug|Any CPU.Build.0 = Debug|Any CPU
		{C12D5EDD-3D3D-8101-CA6B-022A3295E60B}.Release|Any CPU.ActiveCfg = Release|Any CPU
		{C12D5EDD-3D3D-8101-CA6B-022A3295E60B}.Release|Any CPU.Build.0 = Release|Any CPU
	EndGlobalSection
	GlobalSection(SolutionProperties) = preSolution
		HideSolutionNode = FALSE
	EndGlobalSection
	GlobalSection(ExtensibilityGlobals) = postSolution
		SolutionGuid = {7E64119A-DB9D-42BF-A705-4246F7210AB2}
	EndGlobalSection
EndGlobal
